
Microsoft Visual Studio Solution File, Format Version 12.00
# Visual Studio Version 17
VisualStudioVersion = 17.5.002.0
MinimumVisualStudioVersion = 10.0.40219.1
Project("{9A19103F-16F7-4668-BE54-9A1E7A4F7556}") = "Solutions", "Solutions\Solutions.csproj", "{019BC989-0246-40D2-9202-B6B1BCE8C51E}"
EndProject
Project("{9A19103F-16F7-4668-BE54-9A1E7A4F7556}") = "Tests", "Tests\Tests.csproj", "{1941EA29-1D6A-4151-9C7A-700780773C5C}"
EndProject
Global
	GlobalSection(SolutionConfigurationPlatforms) = preSolution
		Debug|Any CPU = Debug|Any CPU
		Release|Any CPU = Release|Any CPU
	EndGlobalSection
	GlobalSection(ProjectConfigurationPlatforms) = postSolution
		{019BC989-0246-40D2-9202-B6B1BCE8C51E}.Debug|Any CPU.ActiveCfg = Debug|Any CPU
		{019BC989-0246-40D2-9202-B6B1BCE8C51E}.Debug|Any CPU.Build.0 = Debug|Any CPU
		{019BC989-0246-40D2-9202-B6B1BCE8C51E}.Release|Any CPU.ActiveCfg = Release|Any CPU
		{019BC989-0246-40D2-9202-B6B1BCE8C51E}.Release|Any CPU.Build.0 = Release|Any CPU
		{1941EA29-1D6A-4151-9C7A-700780773C5C}.Debug|Any CPU.ActiveCfg = Debug|Any CPU
		{1941EA29-1D6A-4151-9C7A-700780773C5C}.Debug|Any CPU.Build.0 = Debug|Any CPU
		{1941EA29-1D6A-4151-9C7A-700780773C5C}.Release|Any CPU.ActiveCfg = Release|Any CPU
		{1941EA29-1D6A-4151-9C7A-700780773C5C}.Release|Any CPU.Build.0 = Release|Any CPU
	EndGlobalSection
	GlobalSection(SolutionProperties) = preSolution
		HideSolutionNode = FALSE
	EndGlobalSection
	GlobalSection(ExtensibilityGlobals) = postSolution
		SolutionGuid = {9C8A02C9-1255-432D-AE6E-A56836B28AD6}
	EndGlobalSection
EndGlobal
